
Microsoft Visual Studio Solution File, Format Version 12.00
# Visual Studio Version 17
VisualStudioVersion = 17.5.33627.172
MinimumVisualStudioVersion = 10.0.40219.1
Project("{FAE04EC0-301F-11D3-BF4B-00C04F79EFBC}") = "ISSTracker.Android", "ISSTracker.Android\ISSTracker.Android.csproj", "{721E1F3D-6AFF-4A53-AAC2-1FF8D13590F5}"
EndProject
Project("{FAE04EC0-301F-11D3-BF4B-00C04F79EFBC}") = "ISSTracker.iOS", "ISSTracker.iOS\ISSTracker.iOS.csproj", "{43F0EBFE-9A23-4F28-ACE5-876C587DC7C7}"
EndProject
Project("{FAE04EC0-301F-11D3-BF4B-00C04F79EFBC}") = "ISSTracker", "ISSTracker\ISSTracker.csproj", "{8E2FE1EC-AB4E-4776-8530-BAC6FD5CF15B}"
EndProject
Global
	GlobalSection(SolutionConfigurationPlatforms) = preSolution
		Debug|Any CPU = Debug|Any CPU
		Debug|iPhone = Debug|iPhone
		Debug|iPhoneSimulator = Debug|iPhoneSimulator
		Release|Any CPU = Release|Any CPU
		Release|iPhone = Release|iPhone
		Release|iPhoneSimulator = Release|iPhoneSimulator
	EndGlobalSection
	GlobalSection(ProjectConfigurationPlatforms) = postSolution
		{721E1F3D-6AFF-4A53-AAC2-1FF8D13590F5}.Debug|Any CPU.ActiveCfg = Debug|Any CPU
		{721E1F3D-6AFF-4A53-AAC2-1FF8D13590F5}.Debug|Any CPU.Build.0 = Debug|Any CPU
		{721E1F3D-6AFF-4A53-AAC2-1FF8D13590F5}.Debug|Any CPU.Deploy.0 = Debug|Any CPU
		{721E1F3D-6AFF-4A53-AAC2-1FF8D13590F5}.Debug|iPhone.ActiveCfg = Debug|Any CPU
		{721E1F3D-6AFF-4A53-AAC2-1FF8D13590F5}.Debug|iPhone.Build.0 = Debug|Any CPU
		{721E1F3D-6AFF-4A53-AAC2-1FF8D13590F5}.Debug|iPhone.Deploy.0 = Debug|Any CPU
		{721E1F3D-6AFF-4A53-AAC2-1FF8D13590F5}.Debug|iPhoneSimulator.ActiveCfg = Debug|Any CPU
		{721E1F3D-6AFF-4A53-AAC2-1FF8D13590F5}.Debug|iPhoneSimulator.Build.0 = Debug|Any CPU
		{721E1F3D-6AFF-4A53-AAC2-1FF8D13590F5}.Debug|iPhoneSimulator.Deploy.0 = Debug|Any CPU
		{721E1F3D-6AFF-4A53-AAC2-1FF8D13590F5}.Release|Any CPU.ActiveCfg = Release|Any CPU
		{721E1F3D-6AFF-4A53-AAC2-1FF8D13590F5}.Release|Any CPU.Build.0 = Release|Any CPU
		{721E1F3D-6AFF-4A53-AAC2-1FF8D13590F5}.Release|Any CPU.Deploy.0 = Release|Any CPU
		{721E1F3D-6AFF-4A53-AAC2-1FF8D13590F5}.Release|iPhone.ActiveCfg = Release|Any CPU
		{721E1F3D-6AFF-4A53-AAC2-1FF8D13590F5}.Release|iPhone.Build.0 = Release|Any CPU
		{721E1F3D-6AFF-4A53-AAC2-1FF8D13590F5}.Release|iPhone.Deploy.0 = Release|Any CPU
		{721E1F3D-6AFF-4A53-AAC2-1FF8D13590F5}.Release|iPhoneSimulator.ActiveCfg = Release|Any CPU
		{721E1F3D-6AFF-4A53-AAC2-1FF8D13590F5}.Release|iPhoneSimulator.Build.0 = Release|Any CPU
		{721E1F3D-6AFF-4A53-AAC2-1FF8D13590F5}.Release|iPhoneSimulator.Deploy.0 = Release|Any CPU
		{43F0EBFE-9A23-4F28-ACE5-876C587DC7C7}.Debug|Any CPU.ActiveCfg = Debug|iPhone
		{43F0EBFE-9A23-4F28-ACE5-876C587DC7C7}.Debug|Any CPU.Build.0 = Debug|iPhone
		{43F0EBFE-9A23-4F28-ACE5-876C587DC7C7}.Debug|Any CPU.Deploy.0 = Debug|iPhone
		{43F0EBFE-9A23-4F28-ACE5-876C587DC7C7}.Debug|iPhone.ActiveCfg = Debug|iPhone
		{43F0EBFE-9A23-4F28-ACE5-876C587DC7C7}.Debug|iPhone.Build.0 = Debug|iPhone
		{43F0EBFE-9A23-4F28-ACE5-876C587DC7C7}.Debug|iPhone.Deploy.0 = Debug|iPhone
		{43F0EBFE-9A23-4F28-ACE5-876C587DC7C7}.Debug|iPhoneSimulator.ActiveCfg = Debug|iPhoneSimulator
		{43F0EBFE-9A23-4F28-ACE5-876C587DC7C7}.Debug|iPhoneSimulator.Build.0 = Debug|iPhoneSimulator
		{43F0EBFE-9A23-4F28-ACE5-876C587DC7C7}.Debug|iPhoneSimulator.Deploy.0 = Debug|iPhoneSimulator
		{43F0EBFE-9A23-4F28-ACE5-876C587DC7C7}.Release|Any CPU.ActiveCfg = Release|iPhoneSimulator
		{43F0EBFE-9A23-4F28-ACE5-876C587DC7C7}.Release|Any CPU.Build.0 = Release|iPhoneSimulator
		{43F0EBFE-9A23-4F28-ACE5-876C587DC7C7}.Release|Any CPU.Deploy.0 = Release|iPhoneSimulator
		{43F0EBFE-9A23-4F28-ACE5-876C587DC7C7}.Release|iPhone.ActiveCfg = Release|iPhone
		{43F0EBFE-9A23-4F28-ACE5-876C587DC7C7}.Release|iPhone.Build.0 = Release|iPhone
		{43F0EBFE-9A23-4F28-ACE5-876C587DC7C7}.Release|iPhone.Deploy.0 = Release|iPhone
		{43F0EBFE-9A23-4F28-ACE5-876C587DC7C7}.Release|iPhoneSimulator.ActiveCfg = Release|iPhoneSimulator
		{43F0EBFE-9A23-4F28-ACE5-876C587DC7C7}.Release|iPhoneSimulator.Build.0 = Release|iPhoneSimulator
		{43F0EBFE-9A23-4F28-ACE5-876C587DC7C7}.Release|iPhoneSimulator.Deploy.0 = Release|iPhoneSimulator
		{8E2FE1EC-AB4E-4776-8530-BAC6FD5CF15B}.Debug|Any CPU.ActiveCfg = Debug|Any CPU
		{8E2FE1EC-AB4E-4776-8530-BAC6FD5CF15B}.Debug|Any CPU.Build.0 = Debug|Any CPU
		{8E2FE1EC-AB4E-4776-8530-BAC6FD5CF15B}.Debug|Any CPU.Deploy.0 = Debug|Any CPU
		{8E2FE1EC-AB4E-4776-8530-BAC6FD5CF15B}.Debug|iPhone.ActiveCfg = Debug|Any CPU
		{8E2FE1EC-AB4E-4776-8530-BAC6FD5CF15B}.Debug|iPhone.Build.0 = Debug|Any CPU
		{8E2FE1EC-AB4E-4776-8530-BAC6FD5CF15B}.Debug|iPhone.Deploy.0 = Debug|Any CPU
		{8E2FE1EC-AB4E-4776-8530-BAC6FD5CF15B}.Debug|iPhoneSimulator.ActiveCfg = Debug|Any CPU
		{8E2FE1EC-AB4E-4776-8530-BAC6FD5CF15B}.Debug|iPhoneSimulator.Build.0 = Debug|Any CPU
		{8E2FE1EC-AB4E-4776-8530-BAC6FD5CF15B}.Debug|iPhoneSimulator.Deploy.0 = Debug|Any CPU
		{8E2FE1EC-AB4E-4776-8530-BAC6FD5CF15B}.Release|Any CPU.ActiveCfg = Release|Any CPU
		{8E2FE1EC-AB4E-4776-8530-BAC6FD5CF15B}.Release|Any CPU.Build.0 = Release|Any CPU
		{8E2FE1EC-AB4E-4776-8530-BAC6FD5CF15B}.Release|Any CPU.Deploy.0 = Release|Any CPU
		{8E2FE1EC-AB4E-4776-8530-BAC6FD5CF15B}.Release|iPhone.ActiveCfg = Release|Any CPU
		{8E2FE1EC-AB4E-4776-8530-BAC6FD5CF15B}.Release|iPhone.Build.0 = Release|Any CPU
		{8E2FE1EC-AB4E-4776-8530-BAC6FD5CF15B}.Release|iPhone.Deploy.0 = Release|Any CPU
		{8E2FE1EC-AB4E-4776-8530-BAC6FD5CF15B}.Release|iPhoneSimulator.ActiveCfg = Release|Any CPU
		{8E2FE1EC-AB4E-4776-8530-BAC6FD5CF15B}.Release|iPhoneSimulator.Build.0 = Release|Any CPU
		{8E2FE1EC-AB4E-4776-8530-BAC6FD5CF15B}.Release|iPhoneSimulator.Deploy.0 = Release|Any CPU
	EndGlobalSection
	GlobalSection(SolutionProperties) = preSolution
		HideSolutionNode = FALSE
	EndGlobalSection
	GlobalSection(ExtensibilityGlobals) = postSolution
		SolutionGuid = {68AFD58A-31E8-4FBB-BFC3-5F64146F7F7B}
	EndGlobalSection
EndGlobal
